{
  "name": "rsa-curl",
  "version": "1.0.0",
  "lockfileVersion": 1,
  "requires": true,
  "dependencies": {
    "big-integer": {
      "version": "1.6.45",
      "resolved": "https://registry.npmjs.org/big-integer/-/big-integer-1.6.45.tgz",
      "integrity": "sha512-nmb9E7oEtVJ7SmSCH/DeJobXyuRmaofkpoQSimMFu3HKJ5MADtM825SPLhDuWhZ6TElLAQtgJbQmBZuHIRlZoA=="
    }
  }
}
